{
  "originHash" : "c2e225c5e29aaac92b8830f9356510f6569d67e1845c89ce926a3d6ee0127bcf",
  "pins" : [
    {
      "identity" : "horizoncalendar",
      "kind" : "remoteSourceControl",
      "location" : "https://github.com/airbnb/HorizonCalendar.git",
      "state" : {
        "branch" : "master",
        "revision" : "e19a2290f9254adca7c50e7725a89b8570dbbc91"
      }
    },
    {
      "identity" : "kingfisher",
      "kind" : "remoteSourceControl",
      "location" : "https://github.com/onevcat/Kingfisher",
      "state" : {
        "revision" : "2ef543ee21d63734e1c004ad6c870255e8716c50",
        "version" : "7.12.0"
      }
    },
    {
      "identity" : "lottie-spm",
      "kind" : "remoteSourceControl",
      "location" : "https://github.com/airbnb/lottie-spm.git",
      "state" : {
        "revision" : "b842598f1295f3ffa1475b1580672d1fe5b83580",
        "version" : "4.5.0"
      }
    }
  ],
  "version" : 3
}
