{
  "pins" : [
    {
      "identity" : "horizoncalendar",
      "kind" : "remoteSourceControl",
      "location" : "https://github.com/airbnb/HorizonCalendar.git",
      "state" : {
        "branch" : "master",
        "revision" : "6d6d11a6b304b3ee8703906cbd3eddfd33c784de"
      }
    },
    {
      "identity" : "lottie-spm",
      "kind" : "remoteSourceControl",
      "location" : "https://github.com/airbnb/lottie-spm.git",
      "state" : {
        "revision" : "4d0c11c85f5a9ec3d1b0daf2dc6daebc0e2df897",
        "version" : "4.4.2"
      }
    },
    {
      "identity" : "swiftui-introspect",
      "kind" : "remoteSourceControl",
      "location" : "https://github.com/siteline/swiftui-introspect.git",
      "state" : {
        "revision" : "0cd2a5a5895306bc21d54a2254302d24a9a571e4",
        "version" : "1.1.3"
      }
    }
  ],
  "version" : 2
}
