{
  "originHash" : "d0dad62ed2b85060d8a86f657baa1da1a173171269868288c9b82239914a36df",
  "pins" : [
    {
      "identity" : "horizoncalendar",
      "kind" : "remoteSourceControl",
      "location" : "https://github.com/airbnb/HorizonCalendar.git",
      "state" : {
        "branch" : "master",
        "revision" : "6d6d11a6b304b3ee8703906cbd3eddfd33c784de"
      }
    },
    {
      "identity" : "ios-sdk",
      "kind" : "remoteSourceControl",
      "location" : "https://github.com/spotify/ios-sdk.git",
      "state" : {
        "branch" : "master",
        "revision" : "8aec6234b78df7b3ea88208b14b07779a9e61f87"
      }
    },
    {
      "identity" : "kingfisher",
      "kind" : "remoteSourceControl",
      "location" : "https://github.com/onevcat/Kingfisher",
      "state" : {
        "revision" : "2ef543ee21d63734e1c004ad6c870255e8716c50",
        "version" : "7.12.0"
      }
    },
    {
      "identity" : "lottie-spm",
      "kind" : "remoteSourceControl",
      "location" : "https://github.com/airbnb/lottie-spm.git",
      "state" : {
        "revision" : "4d0c11c85f5a9ec3d1b0daf2dc6daebc0e2df897",
        "version" : "4.4.2"
      }
    }
  ],
  "version" : 3
}
